
Microsoft Visual Studio Solution File, Format Version 12.00
# Visual Studio Version 17
VisualStudioVersion = 17.5.33424.131
MinimumVisualStudioVersion = 10.0.40219.1
Project("{FAE04EC0-301F-11D3-BF4B-00C04F79EFBC}") = "FirstConsoleAppExample", "FirstConsoleAppExample\FirstConsoleAppExample.csproj", "{C8D1AA79-2239-463C-98F3-093D4353E340}"
EndProject
Global
	GlobalSection(SolutionConfigurationPlatforms) = preSolution
		Debug|Any CPU = Debug|Any CPU
		Release|Any CPU = Release|Any CPU
	EndGlobalSection
	GlobalSection(ProjectConfigurationPlatforms) = postSolution
		{C8D1AA79-2239-463C-98F3-093D4353E340}.Debug|Any CPU.ActiveCfg = Debug|Any CPU
		{C8D1AA79-2239-463C-98F3-093D4353E340}.Debug|Any CPU.Build.0 = Debug|Any CPU
		{C8D1AA79-2239-463C-98F3-093D4353E340}.Release|Any CPU.ActiveCfg = Release|Any CPU
		{C8D1AA79-2239-463C-98F3-093D4353E340}.Release|Any CPU.Build.0 = Release|Any CPU
	EndGlobalSection
	GlobalSection(SolutionProperties) = preSolution
		HideSolutionNode = FALSE
	EndGlobalSection
	GlobalSection(ExtensibilityGlobals) = postSolution
		SolutionGuid = {A25251A1-0D09-48C8-A50B-95C28D4A9C38}
	EndGlobalSection
EndGlobal
